
Microsoft Visual Studio Solution File, Format Version 12.00
# Visual Studio Version 16
VisualStudioVersion = 16.0.29409.12
MinimumVisualStudioVersion = 10.0.40219.1
Project("{2150E333-8FDC-42A3-9474-1A3956D46DE8}") = "Core", "Core", "{B514DA41-7C4A-424A-BD2B-75849507B2EE}"
EndProject
Project("{9A19103F-16F7-4668-BE54-9A1E7A4F7556}") = "Core.ApplicationService", "Core\Core.ApplicationService\Core.ApplicationService.csproj", "{1B2A9978-EDC8-46C6-B78F-111B327B02A1}"
EndProject
Project("{9A19103F-16F7-4668-BE54-9A1E7A4F7556}") = "Core.DomainModel", "Core\Core.DomainModel\Core.DomainModel.csproj", "{2A4E0874-E610-41E9-B8C4-DD07D656BD5D}"
EndProject
Project("{9A19103F-16F7-4668-BE54-9A1E7A4F7556}") = "DependencyInjection", "DependencyInjection\DependencyInjection.csproj", "{34DC430E-F00D-414E-9D5C-6B2842AA1C78}"
EndProject
Project("{2150E333-8FDC-42A3-9474-1A3956D46DE8}") = "Infrastructure", "Infrastructure", "{F57D7D7E-272E-40DF-BE0D-3FD238C352C0}"
EndProject
Project("{9A19103F-16F7-4668-BE54-9A1E7A4F7556}") = "Infrastructure.MongoDB", "Infrastructure\Infrastructure.MongoDB\Infrastructure.MongoDB.csproj", "{58C6AB4D-A59B-4B11-9267-A575A59523E0}"
EndProject
Project("{9A19103F-16F7-4668-BE54-9A1E7A4F7556}") = "Infrastructure.SQLServer", "Infrastructure\Infrastructure.SQLServer\Infrastructure.SQLServer.csproj", "{300CE26F-87A2-46D7-A0F6-40DF66A5A5DF}"
EndProject
Project("{9A19103F-16F7-4668-BE54-9A1E7A4F7556}") = "WebApplication", "WebApplication\WebApplication.csproj", "{B8E6C35D-D38F-4415-9429-3F958C1C1EED}"
EndProject
Project("{9A19103F-16F7-4668-BE54-9A1E7A4F7556}") = "Core.DomainService", "Core\Core.DomainService\Core.DomainService.csproj", "{90C9B724-4D90-4098-8D93-333DABCD9E21}"
EndProject
Global
	GlobalSection(SolutionConfigurationPlatforms) = preSolution
		Debug|Any CPU = Debug|Any CPU
		Release|Any CPU = Release|Any CPU
	EndGlobalSection
	GlobalSection(ProjectConfigurationPlatforms) = postSolution
		{1B2A9978-EDC8-46C6-B78F-111B327B02A1}.Debug|Any CPU.ActiveCfg = Debug|Any CPU
		{1B2A9978-EDC8-46C6-B78F-111B327B02A1}.Debug|Any CPU.Build.0 = Debug|Any CPU
		{1B2A9978-EDC8-46C6-B78F-111B327B02A1}.Release|Any CPU.ActiveCfg = Release|Any CPU
		{1B2A9978-EDC8-46C6-B78F-111B327B02A1}.Release|Any CPU.Build.0 = Release|Any CPU
		{2A4E0874-E610-41E9-B8C4-DD07D656BD5D}.Debug|Any CPU.ActiveCfg = Debug|Any CPU
		{2A4E0874-E610-41E9-B8C4-DD07D656BD5D}.Debug|Any CPU.Build.0 = Debug|Any CPU
		{2A4E0874-E610-41E9-B8C4-DD07D656BD5D}.Release|Any CPU.ActiveCfg = Release|Any CPU
		{2A4E0874-E610-41E9-B8C4-DD07D656BD5D}.Release|Any CPU.Build.0 = Release|Any CPU
		{34DC430E-F00D-414E-9D5C-6B2842AA1C78}.Debug|Any CPU.ActiveCfg = Debug|Any CPU
		{34DC430E-F00D-414E-9D5C-6B2842AA1C78}.Debug|Any CPU.Build.0 = Debug|Any CPU
		{34DC430E-F00D-414E-9D5C-6B2842AA1C78}.Release|Any CPU.ActiveCfg = Release|Any CPU
		{34DC430E-F00D-414E-9D5C-6B2842AA1C78}.Release|Any CPU.Build.0 = Release|Any CPU
		{58C6AB4D-A59B-4B11-9267-A575A59523E0}.Debug|Any CPU.ActiveCfg = Debug|Any CPU
		{58C6AB4D-A59B-4B11-9267-A575A59523E0}.Debug|Any CPU.Build.0 = Debug|Any CPU
		{58C6AB4D-A59B-4B11-9267-A575A59523E0}.Release|Any CPU.ActiveCfg = Release|Any CPU
		{58C6AB4D-A59B-4B11-9267-A575A59523E0}.Release|Any CPU.Build.0 = Release|Any CPU
		{300CE26F-87A2-46D7-A0F6-40DF66A5A5DF}.Debug|Any CPU.ActiveCfg = Debug|Any CPU
		{300CE26F-87A2-46D7-A0F6-40DF66A5A5DF}.Debug|Any CPU.Build.0 = Debug|Any CPU
		{300CE26F-87A2-46D7-A0F6-40DF66A5A5DF}.Release|Any CPU.ActiveCfg = Release|Any CPU
		{300CE26F-87A2-46D7-A0F6-40DF66A5A5DF}.Release|Any CPU.Build.0 = Release|Any CPU
		{B8E6C35D-D38F-4415-9429-3F958C1C1EED}.Debug|Any CPU.ActiveCfg = Debug|Any CPU
		{B8E6C35D-D38F-4415-9429-3F958C1C1EED}.Debug|Any CPU.Build.0 = Debug|Any CPU
		{B8E6C35D-D38F-4415-9429-3F958C1C1EED}.Release|Any CPU.ActiveCfg = Release|Any CPU
		{B8E6C35D-D38F-4415-9429-3F958C1C1EED}.Release|Any CPU.Build.0 = Release|Any CPU
		{90C9B724-4D90-4098-8D93-333DABCD9E21}.Debug|Any CPU.ActiveCfg = Debug|Any CPU
		{90C9B724-4D90-4098-8D93-333DABCD9E21}.Debug|Any CPU.Build.0 = Debug|Any CPU
		{90C9B724-4D90-4098-8D93-333DABCD9E21}.Release|Any CPU.ActiveCfg = Release|Any CPU
		{90C9B724-4D90-4098-8D93-333DABCD9E21}.Release|Any CPU.Build.0 = Release|Any CPU
	EndGlobalSection
	GlobalSection(SolutionProperties) = preSolution
		HideSolutionNode = FALSE
	EndGlobalSection
	GlobalSection(NestedProjects) = preSolution
		{1B2A9978-EDC8-46C6-B78F-111B327B02A1} = {B514DA41-7C4A-424A-BD2B-75849507B2EE}
		{2A4E0874-E610-41E9-B8C4-DD07D656BD5D} = {B514DA41-7C4A-424A-BD2B-75849507B2EE}
		{58C6AB4D-A59B-4B11-9267-A575A59523E0} = {F57D7D7E-272E-40DF-BE0D-3FD238C352C0}
		{300CE26F-87A2-46D7-A0F6-40DF66A5A5DF} = {F57D7D7E-272E-40DF-BE0D-3FD238C352C0}
		{90C9B724-4D90-4098-8D93-333DABCD9E21} = {B514DA41-7C4A-424A-BD2B-75849507B2EE}
	EndGlobalSection
	GlobalSection(ExtensibilityGlobals) = postSolution
		SolutionGuid = {F503529B-596D-4201-A9EB-6B5BDDF68B49}
	EndGlobalSection
EndGlobal
